
Microsoft Visual Studio Solution File, Format Version 12.00
# Visual Studio Version 16
VisualStudioVersion = 16.0.31702.278
MinimumVisualStudioVersion = 10.0.40219.1
Project("{2150E333-8FDC-42A3-9474-1A3956D46DE8}") = "Task0", "Task0", "{1FAAF2DB-2054-4FE4-ACF3-94E6A4C0E7D7}"
EndProject
Project("{FAE04EC0-301F-11D3-BF4B-00C04F79EFBC}") = "Tyuiu.AramaAG.Sprint0.Task0.V0", "Tyuiu.AramaAG.Sprint0.Task0.V0\Tyuiu.AramaAG.Sprint0.Task0.V0.csproj", "{2529635F-9E8C-440F-8F9A-EBE6EABE8AE1}"
EndProject
Project("{2150E333-8FDC-42A3-9474-1A3956D46DE8}") = "Task1", "Task1", "{387A64A7-D76A-4D26-9B52-E947DBFD9F3D}"
EndProject
Project("{FAE04EC0-301F-11D3-BF4B-00C04F79EFBC}") = "Tyuiu.AramaAG.Sprint0.Task1.V0", "Tyuiu.AramaAG.Sprint0.Task1.V0\Tyuiu.AramaAG.Sprint0.Task1.V0.csproj", "{3D1C4FAE-67B3-4E65-91D0-1B0523166C4B}"
EndProject
Project("{2150E333-8FDC-42A3-9474-1A3956D46DE8}") = "Task2", "Task2", "{404E7C9F-40F9-4E28-8910-11F9838354A1}"
EndProject
Project("{FAE04EC0-301F-11D3-BF4B-00C04F79EFBC}") = "Tyuiu.AramaAG.Sprint0.Task2.V0", "Tyuiu.AramaAG.Sprint0.Task2.V0\Tyuiu.AramaAG.Sprint0.Task2.V0.csproj", "{B564268D-D418-4673-87E0-F716C4FB2C9B}"
EndProject
Project("{FAE04EC0-301F-11D3-BF4B-00C04F79EFBC}") = "Tyuiu.AramaAG.Sprint0.Task2.V0.Lib", "Tyuiu.AramaAG.Sprint0.Task2.V0.Lib\Tyuiu.AramaAG.Sprint0.Task2.V0.Lib.csproj", "{A5F649D2-BC99-4AB8-9204-43BD98D40E8D}"
EndProject
Project("{FAE04EC0-301F-11D3-BF4B-00C04F79EFBC}") = "Tyuiu.AramaAG.Sprint0.Task2.V0.Test", "Tyuiu.AramaAG.Sprint0.Task2.V0.Test\Tyuiu.AramaAG.Sprint0.Task2.V0.Test.csproj", "{485E1866-8122-41FF-9911-D2384C355CC7}"
EndProject
Project("{2150E333-8FDC-42A3-9474-1A3956D46DE8}") = "Task3", "Task3", "{0355B655-EA55-4EF1-B85C-1EC5047FDDCD}"
EndProject
Project("{FAE04EC0-301F-11D3-BF4B-00C04F79EFBC}") = "Tyuiu.AramaAG.Sprint0.Task3.V0", "Tyuiu.AramaAG.Sprint0.Task3.V0\Tyuiu.AramaAG.Sprint0.Task3.V0.csproj", "{5593102F-ED37-467D-BB7A-88606EBFBDDC}"
EndProject
Project("{FAE04EC0-301F-11D3-BF4B-00C04F79EFBC}") = "Tyuiu.AramaAG.Sprint0.Task3.V0.Lib", "Tyuiu.AramaAG.Sprint0.Task3.V0.Lib\Tyuiu.AramaAG.Sprint0.Task3.V0.Lib.csproj", "{504ECFF6-5543-474B-AFD6-71E22A9C6B93}"
EndProject
Project("{FAE04EC0-301F-11D3-BF4B-00C04F79EFBC}") = "Tyuiu.AramaAG.Sprint0.Task3.V0.Test", "Tyuiu.AramaAG.Sprint0.Task3.V0.Test\Tyuiu.AramaAG.Sprint0.Task3.V0.Test.csproj", "{E3CBB096-5ECA-4E68-8745-662136760009}"
EndProject
Project("{2150E333-8FDC-42A3-9474-1A3956D46DE8}") = "Task4", "Task4", "{B915E23D-33AD-4BA6-A8EE-21C257C54031}"
EndProject
Project("{FAE04EC0-301F-11D3-BF4B-00C04F79EFBC}") = "Tyuiu.AramaAG.Sprint0.Task4.V0", "Tyuiu.AramaAG.Sprint0.Task4.V0\Tyuiu.AramaAG.Sprint0.Task4.V0.csproj", "{854A942F-A4E6-414F-9F31-5873D8DFF6BE}"
EndProject
Project("{FAE04EC0-301F-11D3-BF4B-00C04F79EFBC}") = "Tyuiu.AramaAG.Sprint0.Task4.V0.Lib", "Tyuiu.AramaAG.Sprint0.Task4.V0.Lib\Tyuiu.AramaAG.Sprint0.Task4.V0.Lib.csproj", "{9C43AE9A-0882-4A03-B9DB-C8D9B911227A}"
EndProject
Project("{FAE04EC0-301F-11D3-BF4B-00C04F79EFBC}") = "Tyuiu.AramaAG.Sprint0.Task4.V0.Test", "Tyuiu.AramaAG.Sprint0.Task4.V0.Test\Tyuiu.AramaAG.Sprint0.Task4.V0.Test.csproj", "{1C8F342B-70BA-4E65-BDBD-31BD7D05662E}"
EndProject
Project("{2150E333-8FDC-42A3-9474-1A3956D46DE8}") = "Task5", "Task5", "{87E1AA66-A7C8-4389-B868-4AD2E8DFEA78}"
EndProject
Project("{FAE04EC0-301F-11D3-BF4B-00C04F79EFBC}") = "Tyuiu.AramaAG.Sprint0.Task5.V0", "Tyuiu.AramaAG.Sprint0.Task5.V0\Tyuiu.AramaAG.Sprint0.Task5.V0.csproj", "{F0A766DE-1821-4DE8-BB50-E8538E937009}"
EndProject
Project("{FAE04EC0-301F-11D3-BF4B-00C04F79EFBC}") = "Tyuiu.AramaAG.Sprint0.Task5.V0.Lib", "Tyuiu.AramaAG.Sprint0.Task5.V0.Lib\Tyuiu.AramaAG.Sprint0.Task5.V0.Lib.csproj", "{5F78FB08-85E3-4741-8652-E004FF836C4F}"
EndProject
Project("{FAE04EC0-301F-11D3-BF4B-00C04F79EFBC}") = "Tyuiu.AramaAG.Sprint0.Task5.V0.Test", "Tyuiu.AramaAG.Sprint0.Task5.V0.Test\Tyuiu.AramaAG.Sprint0.Task5.V0.Test.csproj", "{F4322A9C-D115-4A6F-A43F-B0726F33F06B}"
EndProject
Project("{2150E333-8FDC-42A3-9474-1A3956D46DE8}") = "Task6", "Task6", "{BE6CE1EC-FFD1-4600-AE42-753EF69FBC4A}"
EndProject
Project("{FAE04EC0-301F-11D3-BF4B-00C04F79EFBC}") = "Tyuiu.AramaAG.Sprint0.Task6.V0", "Tyuiu.AramaAG.Sprint0.Task6.V0\Tyuiu.AramaAG.Sprint0.Task6.V0.csproj", "{CD280689-9658-4FE0-9DB3-3C200E5F3033}"
EndProject
Project("{FAE04EC0-301F-11D3-BF4B-00C04F79EFBC}") = "Tyuiu.AramaAG.Sprint0.Task6.V0.Lib", "Tyuiu.AramaAG.Sprint0.Task6.V0.Lib\Tyuiu.AramaAG.Sprint0.Task6.V0.Lib.csproj", "{974A4B8A-1A6D-4F7B-8277-A43C02741EF6}"
EndProject
Project("{FAE04EC0-301F-11D3-BF4B-00C04F79EFBC}") = "Tyuiu.AramaAG.Sprint0.Task6.V0.Test", "Tyuiu.AramaAG.Sprint0.Task6.V0.Test\Tyuiu.AramaAG.Sprint0.Task6.V0.Test.csproj", "{9B215838-5B43-4AF7-B6D1-706E4BB0F8F8}"
EndProject
Project("{2150E333-8FDC-42A3-9474-1A3956D46DE8}") = "Task7", "Task7", "{FE0A376A-38AC-45DF-A591-D0CF7744EFF4}"
EndProject
Project("{FAE04EC0-301F-11D3-BF4B-00C04F79EFBC}") = "Tyuiu.AramaAG.Sprint0.Task7.V0", "Tyuiu.AramaAG.Sprint0.Task7.V0\Tyuiu.AramaAG.Sprint0.Task7.V0.csproj", "{F772D20E-4FBD-4AC3-8BBF-0B5CC540F033}"
EndProject
Project("{FAE04EC0-301F-11D3-BF4B-00C04F79EFBC}") = "Tyuiu.AramaAG.Sprint0.Task7.V0.Lib", "Tyuiu.AramaAG.Sprint0.Task7.V0.Lib\Tyuiu.AramaAG.Sprint0.Task7.V0.Lib.csproj", "{025BD77A-A69E-445D-80DA-42E4CA8F857C}"
EndProject
Project("{FAE04EC0-301F-11D3-BF4B-00C04F79EFBC}") = "Tyuiu.AramaAG.Sprint0.Task7.V0.Test", "Tyuiu.AramaAG.Sprint0.Task7.V0.Test\Tyuiu.AramaAG.Sprint0.Task7.V0.Test.csproj", "{94346D32-6410-44EE-9958-BABA68697CDA}"
EndProject
Global
	GlobalSection(SolutionConfigurationPlatforms) = preSolution
		Debug|Any CPU = Debug|Any CPU
		Release|Any CPU = Release|Any CPU
	EndGlobalSection
	GlobalSection(ProjectConfigurationPlatforms) = postSolution
		{2529635F-9E8C-440F-8F9A-EBE6EABE8AE1}.Debug|Any CPU.ActiveCfg = Debug|Any CPU
		{2529635F-9E8C-440F-8F9A-EBE6EABE8AE1}.Debug|Any CPU.Build.0 = Debug|Any CPU
		{2529635F-9E8C-440F-8F9A-EBE6EABE8AE1}.Release|Any CPU.ActiveCfg = Release|Any CPU
		{2529635F-9E8C-440F-8F9A-EBE6EABE8AE1}.Release|Any CPU.Build.0 = Release|Any CPU
		{3D1C4FAE-67B3-4E65-91D0-1B0523166C4B}.Debug|Any CPU.ActiveCfg = Debug|Any CPU
		{3D1C4FAE-67B3-4E65-91D0-1B0523166C4B}.Debug|Any CPU.Build.0 = Debug|Any CPU
		{3D1C4FAE-67B3-4E65-91D0-1B0523166C4B}.Release|Any CPU.ActiveCfg = Release|Any CPU
		{3D1C4FAE-67B3-4E65-91D0-1B0523166C4B}.Release|Any CPU.Build.0 = Release|Any CPU
		{B564268D-D418-4673-87E0-F716C4FB2C9B}.Debug|Any CPU.ActiveCfg = Debug|Any CPU
		{B564268D-D418-4673-87E0-F716C4FB2C9B}.Debug|Any CPU.Build.0 = Debug|Any CPU
		{B564268D-D418-4673-87E0-F716C4FB2C9B}.Release|Any CPU.ActiveCfg = Release|Any CPU
		{B564268D-D418-4673-87E0-F716C4FB2C9B}.Release|Any CPU.Build.0 = Release|Any CPU
		{A5F649D2-BC99-4AB8-9204-43BD98D40E8D}.Debug|Any CPU.ActiveCfg = Debug|Any CPU
		{A5F649D2-BC99-4AB8-9204-43BD98D40E8D}.Debug|Any CPU.Build.0 = Debug|Any CPU
		{A5F649D2-BC99-4AB8-9204-43BD98D40E8D}.Release|Any CPU.ActiveCfg = Release|Any CPU
		{A5F649D2-BC99-4AB8-9204-43BD98D40E8D}.Release|Any CPU.Build.0 = Release|Any CPU
		{485E1866-8122-41FF-9911-D2384C355CC7}.Debug|Any CPU.ActiveCfg = Debug|Any CPU
		{485E1866-8122-41FF-9911-D2384C355CC7}.Debug|Any CPU.Build.0 = Debug|Any CPU
		{485E1866-8122-41FF-9911-D2384C355CC7}.Release|Any CPU.ActiveCfg = Release|Any CPU
		{485E1866-8122-41FF-9911-D2384C355CC7}.Release|Any CPU.Build.0 = Release|Any CPU
		{5593102F-ED37-467D-BB7A-88606EBFBDDC}.Debug|Any CPU.ActiveCfg = Debug|Any CPU
		{5593102F-ED37-467D-BB7A-88606EBFBDDC}.Debug|Any CPU.Build.0 = Debug|Any CPU
		{5593102F-ED37-467D-BB7A-88606EBFBDDC}.Release|Any CPU.ActiveCfg = Release|Any CPU
		{5593102F-ED37-467D-BB7A-88606EBFBDDC}.Release|Any CPU.Build.0 = Release|Any CPU
		{504ECFF6-5543-474B-AFD6-71E22A9C6B93}.Debug|Any CPU.ActiveCfg = Debug|Any CPU
		{504ECFF6-5543-474B-AFD6-71E22A9C6B93}.Debug|Any CPU.Build.0 = Debug|Any CPU
		{504ECFF6-5543-474B-AFD6-71E22A9C6B93}.Release|Any CPU.ActiveCfg = Release|Any CPU
		{504ECFF6-5543-474B-AFD6-71E22A9C6B93}.Release|Any CPU.Build.0 = Release|Any CPU
		{E3CBB096-5ECA-4E68-8745-662136760009}.Debug|Any CPU.ActiveCfg = Debug|Any CPU
		{E3CBB096-5ECA-4E68-8745-662136760009}.Debug|Any CPU.Build.0 = Debug|Any CPU
		{E3CBB096-5ECA-4E68-8745-662136760009}.Release|Any CPU.ActiveCfg = Release|Any CPU
		{E3CBB096-5ECA-4E68-8745-662136760009}.Release|Any CPU.Build.0 = Release|Any CPU
		{854A942F-A4E6-414F-9F31-5873D8DFF6BE}.Debug|Any CPU.ActiveCfg = Debug|Any CPU
		{854A942F-A4E6-414F-9F31-5873D8DFF6BE}.Debug|Any CPU.Build.0 = Debug|Any CPU
		{854A942F-A4E6-414F-9F31-5873D8DFF6BE}.Release|Any CPU.ActiveCfg = Release|Any CPU
		{854A942F-A4E6-414F-9F31-5873D8DFF6BE}.Release|Any CPU.Build.0 = Release|Any CPU
		{9C43AE9A-0882-4A03-B9DB-C8D9B911227A}.Debug|Any CPU.ActiveCfg = Debug|Any CPU
		{9C43AE9A-0882-4A03-B9DB-C8D9B911227A}.Debug|Any CPU.Build.0 = Debug|Any CPU
		{9C43AE9A-0882-4A03-B9DB-C8D9B911227A}.Release|Any CPU.ActiveCfg = Release|Any CPU
		{9C43AE9A-0882-4A03-B9DB-C8D9B911227A}.Release|Any CPU.Build.0 = Release|Any CPU
		{1C8F342B-70BA-4E65-BDBD-31BD7D05662E}.Debug|Any CPU.ActiveCfg = Debug|Any CPU
		{1C8F342B-70BA-4E65-BDBD-31BD7D05662E}.Debug|Any CPU.Build.0 = Debug|Any CPU
		{1C8F342B-70BA-4E65-BDBD-31BD7D05662E}.Release|Any CPU.ActiveCfg = Release|Any CPU
		{1C8F342B-70BA-4E65-BDBD-31BD7D05662E}.Release|Any CPU.Build.0 = Release|Any CPU
		{F0A766DE-1821-4DE8-BB50-E8538E937009}.Debug|Any CPU.ActiveCfg = Debug|Any CPU
		{F0A766DE-1821-4DE8-BB50-E8538E937009}.Debug|Any CPU.Build.0 = Debug|Any CPU
		{F0A766DE-1821-4DE8-BB50-E8538E937009}.Release|Any CPU.ActiveCfg = Release|Any CPU
		{F0A766DE-1821-4DE8-BB50-E8538E937009}.Release|Any CPU.Build.0 = Release|Any CPU
		{5F78FB08-85E3-4741-8652-E004FF836C4F}.Debug|Any CPU.ActiveCfg = Debug|Any CPU
		{5F78FB08-85E3-4741-8652-E004FF836C4F}.Debug|Any CPU.Build.0 = Debug|Any CPU
		{5F78FB08-85E3-4741-8652-E004FF836C4F}.Release|Any CPU.ActiveCfg = Release|Any CPU
		{5F78FB08-85E3-4741-8652-E004FF836C4F}.Release|Any CPU.Build.0 = Release|Any CPU
		{F4322A9C-D115-4A6F-A43F-B0726F33F06B}.Debug|Any CPU.ActiveCfg = Debug|Any CPU
		{F4322A9C-D115-4A6F-A43F-B0726F33F06B}.Debug|Any CPU.Build.0 = Debug|Any CPU
		{F4322A9C-D115-4A6F-A43F-B0726F33F06B}.Release|Any CPU.ActiveCfg = Release|Any CPU
		{F4322A9C-D115-4A6F-A43F-B0726F33F06B}.Release|Any CPU.Build.0 = Release|Any CPU
		{CD280689-9658-4FE0-9DB3-3C200E5F3033}.Debug|Any CPU.ActiveCfg = Debug|Any CPU
		{CD280689-9658-4FE0-9DB3-3C200E5F3033}.Debug|Any CPU.Build.0 = Debug|Any CPU
		{CD280689-9658-4FE0-9DB3-3C200E5F3033}.Release|Any CPU.ActiveCfg = Release|Any CPU
		{CD280689-9658-4FE0-9DB3-3C200E5F3033}.Release|Any CPU.Build.0 = Release|Any CPU
		{974A4B8A-1A6D-4F7B-8277-A43C02741EF6}.Debug|Any CPU.ActiveCfg = Debug|Any CPU
		{974A4B8A-1A6D-4F7B-8277-A43C02741EF6}.Debug|Any CPU.Build.0 = Debug|Any CPU
		{974A4B8A-1A6D-4F7B-8277-A43C02741EF6}.Release|Any CPU.ActiveCfg = Release|Any CPU
		{974A4B8A-1A6D-4F7B-8277-A43C02741EF6}.Release|Any CPU.Build.0 = Release|Any CPU
		{9B215838-5B43-4AF7-B6D1-706E4BB0F8F8}.Debug|Any CPU.ActiveCfg = Debug|Any CPU
		{9B215838-5B43-4AF7-B6D1-706E4BB0F8F8}.Debug|Any CPU.Build.0 = Debug|Any CPU
		{9B215838-5B43-4AF7-B6D1-706E4BB0F8F8}.Release|Any CPU.ActiveCfg = Release|Any CPU
		{9B215838-5B43-4AF7-B6D1-706E4BB0F8F8}.Release|Any CPU.Build.0 = Release|Any CPU
		{F772D20E-4FBD-4AC3-8BBF-0B5CC540F033}.Debug|Any CPU.ActiveCfg = Debug|Any CPU
		{F772D20E-4FBD-4AC3-8BBF-0B5CC540F033}.Debug|Any CPU.Build.0 = Debug|Any CPU
		{F772D20E-4FBD-4AC3-8BBF-0B5CC540F033}.Release|Any CPU.ActiveCfg = Release|Any CPU
		{F772D20E-4FBD-4AC3-8BBF-0B5CC540F033}.Release|Any CPU.Build.0 = Release|Any CPU
		{025BD77A-A69E-445D-80DA-42E4CA8F857C}.Debug|Any CPU.ActiveCfg = Debug|Any CPU
		{025BD77A-A69E-445D-80DA-42E4CA8F857C}.Debug|Any CPU.Build.0 = Debug|Any CPU
		{025BD77A-A69E-445D-80DA-42E4CA8F857C}.Release|Any CPU.ActiveCfg = Release|Any CPU
		{025BD77A-A69E-445D-80DA-42E4CA8F857C}.Release|Any CPU.Build.0 = Release|Any CPU
		{94346D32-6410-44EE-9958-BABA68697CDA}.Debug|Any CPU.ActiveCfg = Debug|Any CPU
		{94346D32-6410-44EE-9958-BABA68697CDA}.Debug|Any CPU.Build.0 = Debug|Any CPU
		{94346D32-6410-44EE-9958-BABA68697CDA}.Release|Any CPU.ActiveCfg = Release|Any CPU
		{94346D32-6410-44EE-9958-BABA68697CDA}.Release|Any CPU.Build.0 = Release|Any CPU
	EndGlobalSection
	GlobalSection(SolutionProperties) = preSolution
		HideSolutionNode = FALSE
	EndGlobalSection
	GlobalSection(NestedProjects) = preSolution
		{2529635F-9E8C-440F-8F9A-EBE6EABE8AE1} = {1FAAF2DB-2054-4FE4-ACF3-94E6A4C0E7D7}
		{3D1C4FAE-67B3-4E65-91D0-1B0523166C4B} = {387A64A7-D76A-4D26-9B52-E947DBFD9F3D}
		{B564268D-D418-4673-87E0-F716C4FB2C9B} = {404E7C9F-40F9-4E28-8910-11F9838354A1}
		{A5F649D2-BC99-4AB8-9204-43BD98D40E8D} = {404E7C9F-40F9-4E28-8910-11F9838354A1}
		{485E1866-8122-41FF-9911-D2384C355CC7} = {404E7C9F-40F9-4E28-8910-11F9838354A1}
		{5593102F-ED37-467D-BB7A-88606EBFBDDC} = {0355B655-EA55-4EF1-B85C-1EC5047FDDCD}
		{504ECFF6-5543-474B-AFD6-71E22A9C6B93} = {0355B655-EA55-4EF1-B85C-1EC5047FDDCD}
		{E3CBB096-5ECA-4E68-8745-662136760009} = {0355B655-EA55-4EF1-B85C-1EC5047FDDCD}
		{854A942F-A4E6-414F-9F31-5873D8DFF6BE} = {B915E23D-33AD-4BA6-A8EE-21C257C54031}
		{9C43AE9A-0882-4A03-B9DB-C8D9B911227A} = {B915E23D-33AD-4BA6-A8EE-21C257C54031}
		{1C8F342B-70BA-4E65-BDBD-31BD7D05662E} = {B915E23D-33AD-4BA6-A8EE-21C257C54031}
		{F0A766DE-1821-4DE8-BB50-E8538E937009} = {87E1AA66-A7C8-4389-B868-4AD2E8DFEA78}
		{5F78FB08-85E3-4741-8652-E004FF836C4F} = {87E1AA66-A7C8-4389-B868-4AD2E8DFEA78}
		{F4322A9C-D115-4A6F-A43F-B0726F33F06B} = {87E1AA66-A7C8-4389-B868-4AD2E8DFEA78}
		{CD280689-9658-4FE0-9DB3-3C200E5F3033} = {BE6CE1EC-FFD1-4600-AE42-753EF69FBC4A}
		{974A4B8A-1A6D-4F7B-8277-A43C02741EF6} = {BE6CE1EC-FFD1-4600-AE42-753EF69FBC4A}
		{9B215838-5B43-4AF7-B6D1-706E4BB0F8F8} = {BE6CE1EC-FFD1-4600-AE42-753EF69FBC4A}
		{F772D20E-4FBD-4AC3-8BBF-0B5CC540F033} = {FE0A376A-38AC-45DF-A591-D0CF7744EFF4}
		{025BD77A-A69E-445D-80DA-42E4CA8F857C} = {FE0A376A-38AC-45DF-A591-D0CF7744EFF4}
		{94346D32-6410-44EE-9958-BABA68697CDA} = {FE0A376A-38AC-45DF-A591-D0CF7744EFF4}
	EndGlobalSection
	GlobalSection(ExtensibilityGlobals) = postSolution
		SolutionGuid = {573BAB44-6980-4251-B281-B29D24BB5707}
	EndGlobalSection
EndGlobal
